uuid: 66b0895a-cbf2-45b7-8e02-87a459fcc044
langcode: fr
status: true
dependencies:
  module:
    - d8_plugin_block
  theme:
    - bartik_custom
id: messageblock
theme: bartik_custom
region: sidebar_second
weight: 0
provider: null
plugin: message_block
settings:
  id: message_block
  label: 'Message block'
  provider: d8_plugin_block
  label_display: '0'
  date_start: '2021-04-29'
  date_end: '2021-05-09'
visibility: {  }
